{
  "name": "zshop",
  "version": "1.0.0",
  "lockfileVersion": 3,
  "requires": true,
  "packages": {
    "": {
      "name": "zshop",
      "version": "1.0.0",
      "license": "MIT",
      "devDependencies": {
        "simple-mq-using-go-redis": "^1.0.1"
      }
    },
    "node_modules/simple-mq-using-go-redis": {
      "version": "1.0.1",
      "resolved": "https://registry.npmjs.org/simple-mq-using-go-redis/-/simple-mq-using-go-redis-1.0.1.tgz",
      "integrity": "sha512-CQCFVzE21j+r78UQ81lGAbRopkzWLx6CZLKt1+6wwLhKjymW7ZhtLT0WO9h11pWbUuvHT1dj0+Xz5mdgj8MMvA==",
      "dev": true,
      "dependencies": {
        "simple-mq-using-go-redis": "^1.0.0"
      }
    }
  }
}
